
Microsoft Visual Studio Solution File, Format Version 12.00
# Visual Studio Version 17
VisualStudioVersion = 17.6.33717.318
MinimumVisualStudioVersion = 10.0.40219.1
Project("{2150E333-8FDC-42A3-9474-1A3956D46DE8}") = "src", "src", "{87A72ADE-6EF5-4225-B5FD-4FE97BC9EFBE}"
EndProject
Project("{2150E333-8FDC-42A3-9474-1A3956D46DE8}") = "Core", "Core", "{FA90D29E-884E-48A8-8021-C5E4E7BE018A}"
EndProject
Project("{9A19103F-16F7-4668-BE54-9A1E7A4F7556}") = "Sales.Domain", "src\Core\Sales.Domain\Sales.Domain.csproj", "{BEA1CBC9-E150-40C8-B95A-965DD6CE3DD0}"
EndProject
Project("{9A19103F-16F7-4668-BE54-9A1E7A4F7556}") = "Sales.Application", "src\Core\Sales.Application\Sales.Application.csproj", "{6CC04A70-350F-4301-B1DA-5905998E2C14}"
EndProject
Project("{2150E333-8FDC-42A3-9474-1A3956D46DE8}") = "Infrastructure", "Infrastructure", "{52BC7335-EF78-4CB9-824F-890D6C5C9ED5}"
EndProject
Project("{9A19103F-16F7-4668-BE54-9A1E7A4F7556}") = "Sales.Persistence", "src\Infrastructure\Sale.Persistence\Sales.Persistence.csproj", "{F7E9D51F-4398-476F-9896-7AF3A3C48F42}"
EndProject
Project("{2150E333-8FDC-42A3-9474-1A3956D46DE8}") = "Presentation", "Presentation", "{254CA8E4-6DB2-4145-9485-C74E38B23C80}"
EndProject
Project("{9A19103F-16F7-4668-BE54-9A1E7A4F7556}") = "Sales.WebApi", "src\Presentation\Sales.WebApi\Sales.WebApi.csproj", "{C448A6EF-4719-4641-B223-4851C37A5E43}"
EndProject
Project("{E53339B2-1760-4266-BCC7-CA923CBCF16C}") = "docker-compose", "docker-compose.dcproj", "{1C74451C-E19F-4A28-8B50-984405944E91}"
EndProject
Global
	GlobalSection(SolutionConfigurationPlatforms) = preSolution
		Debug|Any CPU = Debug|Any CPU
		Release|Any CPU = Release|Any CPU
	EndGlobalSection
	GlobalSection(ProjectConfigurationPlatforms) = postSolution
		{BEA1CBC9-E150-40C8-B95A-965DD6CE3DD0}.Debug|Any CPU.ActiveCfg = Debug|Any CPU
		{BEA1CBC9-E150-40C8-B95A-965DD6CE3DD0}.Debug|Any CPU.Build.0 = Debug|Any CPU
		{BEA1CBC9-E150-40C8-B95A-965DD6CE3DD0}.Release|Any CPU.ActiveCfg = Release|Any CPU
		{BEA1CBC9-E150-40C8-B95A-965DD6CE3DD0}.Release|Any CPU.Build.0 = Release|Any CPU
		{6CC04A70-350F-4301-B1DA-5905998E2C14}.Debug|Any CPU.ActiveCfg = Debug|Any CPU
		{6CC04A70-350F-4301-B1DA-5905998E2C14}.Debug|Any CPU.Build.0 = Debug|Any CPU
		{6CC04A70-350F-4301-B1DA-5905998E2C14}.Release|Any CPU.ActiveCfg = Release|Any CPU
		{6CC04A70-350F-4301-B1DA-5905998E2C14}.Release|Any CPU.Build.0 = Release|Any CPU
		{F7E9D51F-4398-476F-9896-7AF3A3C48F42}.Debug|Any CPU.ActiveCfg = Debug|Any CPU
		{F7E9D51F-4398-476F-9896-7AF3A3C48F42}.Debug|Any CPU.Build.0 = Debug|Any CPU
		{F7E9D51F-4398-476F-9896-7AF3A3C48F42}.Release|Any CPU.ActiveCfg = Release|Any CPU
		{F7E9D51F-4398-476F-9896-7AF3A3C48F42}.Release|Any CPU.Build.0 = Release|Any CPU
		{C448A6EF-4719-4641-B223-4851C37A5E43}.Debug|Any CPU.ActiveCfg = Debug|Any CPU
		{C448A6EF-4719-4641-B223-4851C37A5E43}.Debug|Any CPU.Build.0 = Debug|Any CPU
		{C448A6EF-4719-4641-B223-4851C37A5E43}.Release|Any CPU.ActiveCfg = Release|Any CPU
		{C448A6EF-4719-4641-B223-4851C37A5E43}.Release|Any CPU.Build.0 = Release|Any CPU
		{1C74451C-E19F-4A28-8B50-984405944E91}.Debug|Any CPU.ActiveCfg = Debug|Any CPU
		{1C74451C-E19F-4A28-8B50-984405944E91}.Debug|Any CPU.Build.0 = Debug|Any CPU
		{1C74451C-E19F-4A28-8B50-984405944E91}.Release|Any CPU.ActiveCfg = Release|Any CPU
		{1C74451C-E19F-4A28-8B50-984405944E91}.Release|Any CPU.Build.0 = Release|Any CPU
	EndGlobalSection
	GlobalSection(SolutionProperties) = preSolution
		HideSolutionNode = FALSE
	EndGlobalSection
	GlobalSection(NestedProjects) = preSolution
		{FA90D29E-884E-48A8-8021-C5E4E7BE018A} = {87A72ADE-6EF5-4225-B5FD-4FE97BC9EFBE}
		{BEA1CBC9-E150-40C8-B95A-965DD6CE3DD0} = {FA90D29E-884E-48A8-8021-C5E4E7BE018A}
		{6CC04A70-350F-4301-B1DA-5905998E2C14} = {FA90D29E-884E-48A8-8021-C5E4E7BE018A}
		{52BC7335-EF78-4CB9-824F-890D6C5C9ED5} = {87A72ADE-6EF5-4225-B5FD-4FE97BC9EFBE}
		{F7E9D51F-4398-476F-9896-7AF3A3C48F42} = {52BC7335-EF78-4CB9-824F-890D6C5C9ED5}
		{254CA8E4-6DB2-4145-9485-C74E38B23C80} = {87A72ADE-6EF5-4225-B5FD-4FE97BC9EFBE}
		{C448A6EF-4719-4641-B223-4851C37A5E43} = {254CA8E4-6DB2-4145-9485-C74E38B23C80}
	EndGlobalSection
	GlobalSection(ExtensibilityGlobals) = postSolution
		SolutionGuid = {5A33042F-A9B7-40CF-BF01-9C35236D4AEB}
	EndGlobalSection
EndGlobal
